
Microsoft Visual Studio Solution File, Format Version 12.00
# Visual Studio Version 17
VisualStudioVersion = 17.1.32328.378
MinimumVisualStudioVersion = 10.0.40219.1
Project("{2150E333-8FDC-42A3-9474-1A3956D46DE8}") = "01.Common", "01.Common", "{2DCD52A4-830D-4C86-8FB0-D65C61BDE04F}"
EndProject
Project("{2150E333-8FDC-42A3-9474-1A3956D46DE8}") = "02.Domain", "02.Domain", "{1D631B92-442C-41EF-B02D-E4110CBB9AB5}"
EndProject
Project("{2150E333-8FDC-42A3-9474-1A3956D46DE8}") = "03.Infrastructure", "03.Infrastructure", "{A0D6C90C-ED39-4374-BD0A-FA535DBB8827}"
EndProject
Project("{2150E333-8FDC-42A3-9474-1A3956D46DE8}") = "05.Presentation", "05.Presentation", "{334310F5-66BD-4E22-8563-1CBF06E9E92F}"
EndProject
Project("{2150E333-8FDC-42A3-9474-1A3956D46DE8}") = "04.Services", "04.Services", "{6338AF0C-E293-48C7-AF5F-D5944D1ADD5B}"
EndProject
Project("{9A19103F-16F7-4668-BE54-9A1E7A4F7556}") = "Enrich.Common", "Common\Enrich.Common\Enrich.Common.csproj", "{F02BF4D4-5D5E-4D32-9CA7-3E4401AE0AE1}"
EndProject
Project("{9A19103F-16F7-4668-BE54-9A1E7A4F7556}") = "Enrich.Infrastructure.Data", "Infrastructure\Enrich.Infrastructure.Data\Enrich.Infrastructure.Data.csproj", "{F1B9ED2B-CE55-480E-AD0B-E1E666A11374}"
EndProject
Project("{9A19103F-16F7-4668-BE54-9A1E7A4F7556}") = "Enrich.Infrastructure.Data.Dapper", "Infrastructure\Enrich.Infrastructure.Data.Dapper\Enrich.Infrastructure.Data.Dapper.csproj", "{F389DA78-0597-40BC-8BC2-F6430B20D826}"
EndProject
Project("{2150E333-8FDC-42A3-9474-1A3956D46DE8}") = "Interface", "Interface", "{F7D1C602-ABDC-4660-9380-9D64949E52DC}"
EndProject
Project("{2150E333-8FDC-42A3-9474-1A3956D46DE8}") = "Implement", "Implement", "{42C257F5-0CD3-4DFD-93C8-EA011790A4C4}"
EndProject
Project("{2150E333-8FDC-42A3-9474-1A3956D46DE8}") = "Utils", "Utils", "{D3FFCE69-BC53-4F67-AF98-E682C246C2F1}"
EndProject
Project("{9A19103F-16F7-4668-BE54-9A1E7A4F7556}") = "Enrich.Infrastructure.Cache", "Infrastructure\Enrich.Infrastructure.Cache\Enrich.Infrastructure.Cache.csproj", "{E378CD0C-B711-4D29-A165-45CB7FC634FB}"
EndProject
Project("{2150E333-8FDC-42A3-9474-1A3956D46DE8}") = "Implement", "Implement", "{A93A77B0-F999-499D-B144-E0132E83B9C6}"
EndProject
Project("{2150E333-8FDC-42A3-9474-1A3956D46DE8}") = "Interface", "Interface", "{799D96FE-0485-49E0-BAD3-68EC50EC2306}"
EndProject
Project("{2150E333-8FDC-42A3-9474-1A3956D46DE8}") = "Base", "Base", "{43D88EC0-5AC0-4D79-AEDB-3F91CC3C9182}"
EndProject
Project("{9A19103F-16F7-4668-BE54-9A1E7A4F7556}") = "Enrich.Services.Interface", "Services\Enrich.Services.Interface\Enrich.Services.Interface.csproj", "{46242EC4-19C6-4B52-8C5D-9308E3FDFC38}"
EndProject
Project("{9A19103F-16F7-4668-BE54-9A1E7A4F7556}") = "Enrich.Services.Implement", "Services\Enrich.Services.Implement\Enrich.Services.Implement.csproj", "{458565D6-5E75-434B-8CA0-104054E719E9}"
EndProject
Project("{9A19103F-16F7-4668-BE54-9A1E7A4F7556}") = "Enrich.IMS.RestApi", "Presentation\Enrich.IMS.RestApi\Enrich.IMS.RestApi.csproj", "{C844E372-062A-4233-8E52-DE21F735751F}"
EndProject
Project("{2150E333-8FDC-42A3-9474-1A3956D46DE8}") = "_Base", "_Base", "{EF8A603D-200B-46ED-85CD-9E42AB2A8334}"
EndProject
Project("{9A19103F-16F7-4668-BE54-9A1E7A4F7556}") = "Enrich.Dto.Base", "Domain\Enrich.Dto.Base\Enrich.Dto.Base.csproj", "{E1CA8D61-D25C-465D-8113-E6E491E634B8}"
EndProject
Project("{9A19103F-16F7-4668-BE54-9A1E7A4F7556}") = "Enrich.Entities.Base", "Domain\Enrich.Entities.Base\Enrich.Entities.Base.csproj", "{A298CA63-5165-4151-ABD6-2AD9670DDE06}"
EndProject
Project("{2150E333-8FDC-42A3-9474-1A3956D46DE8}") = "Entities", "Entities", "{A20A262D-4A9C-4940-B719-910BE0FC42BE}"
EndProject
Project("{2150E333-8FDC-42A3-9474-1A3956D46DE8}") = "Dto", "Dto", "{4A90B602-BC36-4BCB-8342-7ACC108A9263}"
EndProject
Project("{2150E333-8FDC-42A3-9474-1A3956D46DE8}") = "06.Test", "06.Test", "{EDE70562-A953-4716-BA60-88A7B0176EC0}"
EndProject
Project("{9A19103F-16F7-4668-BE54-9A1E7A4F7556}") = "Enrich.IMS.Services.Implement", "Services\Enrich.IMS.Services.Implement\Enrich.IMS.Services.Implement.csproj", "{9E3F6C6F-E5BD-4CCC-9B14-D78DD008C900}"
EndProject
Project("{9A19103F-16F7-4668-BE54-9A1E7A4F7556}") = "Enrich.IMS.Services.Interface", "Services\Enrich.IMS.Services.Interface\Enrich.IMS.Services.Interface.csproj", "{17147D6B-B851-451A-B269-FF7C164A773D}"
EndProject
Project("{9A19103F-16F7-4668-BE54-9A1E7A4F7556}") = "Enrich.IMS.Entities", "Domain\Enrich.IMS.Entities\Enrich.IMS.Entities.csproj", "{F5AB3716-7752-43E8-918B-C9D03CAEF504}"
EndProject
Project("{9A19103F-16F7-4668-BE54-9A1E7A4F7556}") = "Enrich.IMS.Dto", "Domain\Enrich.IMS.Dto\Enrich.IMS.Dto.csproj", "{AF371FFA-2212-4F0A-958E-6BBC37CB73A7}"
EndProject
Project("{9A19103F-16F7-4668-BE54-9A1E7A4F7556}") = "Enrich.IMS.Infrastructure.Data.Implement", "Infrastructure\Enrich.IMS.Infrastructure.Data.Implement\Enrich.IMS.Infrastructure.Data.Implement.csproj", "{2D65E457-43C1-45E9-8D16-359E667CFF79}"
EndProject
Project("{9A19103F-16F7-4668-BE54-9A1E7A4F7556}") = "Enrich.IMS.Infrastructure.Data.Interface", "Infrastructure\Enrich.IMS.Infrastructure.Data.Interface\Enrich.IMS.Infrastructure.Data.Interface.csproj", "{42EC62F0-FB2F-4311-ABF1-DCFCC1D06CD5}"
EndProject
Project("{9A19103F-16F7-4668-BE54-9A1E7A4F7556}") = "Enrich.Infrastructure.Log", "Infrastructure\Enrich.Infrastructure.Log\Enrich.Infrastructure.Log.csproj", "{D1A638DF-FEA9-4426-BF04-4DE4628C5D58}"
EndProject
Project("{9A19103F-16F7-4668-BE54-9A1E7A4F7556}") = "Enrich.Infrastructure.IoC", "Infrastructure\Enrich.Infrastructure.IoC\Enrich.Infrastructure.IoC.csproj", "{1A5FEDA9-2347-41C0-8E25-1C0F444175C9}"
EndProject
Project("{2150E333-8FDC-42A3-9474-1A3956D46DE8}") = "Base", "Base", "{C5E1AE4E-C723-42F5-8084-C40F782C024D}"
EndProject
Project("{9A19103F-16F7-4668-BE54-9A1E7A4F7556}") = "Enrich.Infrastructure.SMS", "Infrastructure\Enrich.Infrastructure.SMS\Enrich.Infrastructure.SMS.csproj", "{91F22A94-3229-48BC-958E-52924DC7ADF4}"
EndProject
Project("{9A19103F-16F7-4668-BE54-9A1E7A4F7556}") = "Enrich.Infrastructure.PostBug", "Infrastructure\Enrich.Infrastructure.PostBug\Enrich.Infrastructure.PostBug.csproj", "{D2A565CD-B801-4A62-AD4E-1BD73DB24CCC}"
EndProject
Project("{2150E333-8FDC-42A3-9474-1A3956D46DE8}") = "BackgroundService", "BackgroundService", "{7C6A4742-0962-497D-9EFB-822ECF0E592E}"
EndProject
Project("{9A19103F-16F7-4668-BE54-9A1E7A4F7556}") = "Enrich.IMS.SubscriptionRecurring", "Presentation\Enrich.IMS.SubscriptionRecurring\Enrich.IMS.SubscriptionRecurring.csproj", "{177B4763-230E-4D87-9D5C-81C5FE7951F7}"
EndProject
Project("{2150E333-8FDC-42A3-9474-1A3956D46DE8}") = "Api", "Api", "{BE5A1036-E3B3-4CDB-A890-887B94AC2045}"
EndProject
Project("{9A19103F-16F7-4668-BE54-9A1E7A4F7556}") = "Enrich.RestApi.NetCorePlatform", "Presentation\Enrich.RestApi.NetCorePlatform\Enrich.RestApi.NetCorePlatform.csproj", "{C943F93F-3196-4947-99E7-CA6672629481}"
EndProject
Project("{9A19103F-16F7-4668-BE54-9A1E7A4F7556}") = "Enrich.Infrastructure.Email", "Infrastructure\Enrich.Infrastructure.Email\Enrich.Infrastructure.Email.csproj", "{0E521F2F-0B52-4330-8740-5FA9BB85CD75}"
EndProject
Project("{2150E333-8FDC-42A3-9474-1A3956D46DE8}") = "Solution Items", "Solution Items", "{89C86979-82FF-4C39-A84B-886926EA5643}"
	ProjectSection(SolutionItems) = preProject
		.editorconfig = .editorconfig
	EndProjectSection
EndProject
Project("{9A19103F-16F7-4668-BE54-9A1E7A4F7556}") = "Enrich.Payment.MxMerchant", "Infrastructure\Enrich.Payment.MxMerchant\Enrich.Payment.MxMerchant.csproj", "{B3145FC4-DB3C-400C-A4F9-4FBAA52383B4}"
EndProject
Project("{9A19103F-16F7-4668-BE54-9A1E7A4F7556}") = "Enrich.Core", "Domain\Enrich.Core\Enrich.Core.csproj", "{EDB6556D-7E4A-400D-A95F-16017EDCC57B}"
EndProject
Project("{9A19103F-16F7-4668-BE54-9A1E7A4F7556}") = "Enrich.IMS.PaymentFailedNotification", "Presentation\Enrich.IMS.PaymentFailedNotification\Enrich.IMS.PaymentFailedNotification.csproj", "{9305F1FC-4EFE-49D0-A427-794FFC96A7E2}"
EndProject
Project("{9A19103F-16F7-4668-BE54-9A1E7A4F7556}") = "Enrich.IMS.PaymentLaterNotification", "Presentation\Enrich.IMS.PaymentLaterNotification\Enrich.IMS.PaymentLaterNotification.csproj", "{19BBA75D-4B72-4943-9E1D-337E6CC5D530}"
EndProject
Project("{9A19103F-16F7-4668-BE54-9A1E7A4F7556}") = "Enrich.Infrastructure.MondayConnector", "Infrastructure\Enrich.Infrastructure.MondayConnector\Enrich.Infrastructure.MondayConnector.csproj", "{B088F548-5AB2-4EAF-8BD8-B7DCACF84424}"
EndProject
Project("{9A19103F-16F7-4668-BE54-9A1E7A4F7556}") = "Enrich.Infrastructure.JiraConnector", "Infrastructure\Enrich.Infrastructure.JiraConnector\Enrich.Infrastructure.JiraConnector.csproj", "{9A862B29-1ECA-4D3B-87F2-6DA2C3648990}"
EndProject
Project("{2150E333-8FDC-42A3-9474-1A3956D46DE8}") = "WinformService", "WinformService", "{8AC151AA-C694-42BE-916F-E66BA84047F6}"
EndProject
Project("{FAE04EC0-301F-11D3-BF4B-00C04F79EFBC}") = "SubscriptionRecurring", "Presentation\Enrich.IMS.WinformService\SubscriptionRecurring.csproj", "{99851EB9-2CB9-4AEC-BA59-71274B0E9395}"
EndProject
Project("{2150E333-8FDC-42A3-9474-1A3956D46DE8}") = "ApiService", "ApiService", "{BF9FC1FF-99B4-4748-A4D1-01E35ADC9F9D}"
EndProject
Project("{FAE04EC0-301F-11D3-BF4B-00C04F79EFBC}") = "Enrich.IMS.ApiService", "Enrich.IMS.ApiService\Enrich.IMS.ApiService.csproj", "{F1801327-2157-4B04-9491-99FBFD28474D}"
EndProject
Global
	GlobalSection(SolutionConfigurationPlatforms) = preSolution
		Debug|Any CPU = Debug|Any CPU
		Release|Any CPU = Release|Any CPU
	EndGlobalSection
	GlobalSection(ProjectConfigurationPlatforms) = postSolution
		{F02BF4D4-5D5E-4D32-9CA7-3E4401AE0AE1}.Debug|Any CPU.ActiveCfg = Debug|Any CPU
		{F02BF4D4-5D5E-4D32-9CA7-3E4401AE0AE1}.Debug|Any CPU.Build.0 = Debug|Any CPU
		{F02BF4D4-5D5E-4D32-9CA7-3E4401AE0AE1}.Release|Any CPU.ActiveCfg = Release|Any CPU
		{F02BF4D4-5D5E-4D32-9CA7-3E4401AE0AE1}.Release|Any CPU.Build.0 = Release|Any CPU
		{F1B9ED2B-CE55-480E-AD0B-E1E666A11374}.Debug|Any CPU.ActiveCfg = Debug|Any CPU
		{F1B9ED2B-CE55-480E-AD0B-E1E666A11374}.Debug|Any CPU.Build.0 = Debug|Any CPU
		{F1B9ED2B-CE55-480E-AD0B-E1E666A11374}.Release|Any CPU.ActiveCfg = Release|Any CPU
		{F1B9ED2B-CE55-480E-AD0B-E1E666A11374}.Release|Any CPU.Build.0 = Release|Any CPU
		{F389DA78-0597-40BC-8BC2-F6430B20D826}.Debug|Any CPU.ActiveCfg = Debug|Any CPU
		{F389DA78-0597-40BC-8BC2-F6430B20D826}.Debug|Any CPU.Build.0 = Debug|Any CPU
		{F389DA78-0597-40BC-8BC2-F6430B20D826}.Release|Any CPU.ActiveCfg = Release|Any CPU
		{F389DA78-0597-40BC-8BC2-F6430B20D826}.Release|Any CPU.Build.0 = Release|Any CPU
		{E378CD0C-B711-4D29-A165-45CB7FC634FB}.Debug|Any CPU.ActiveCfg = Debug|Any CPU
		{E378CD0C-B711-4D29-A165-45CB7FC634FB}.Debug|Any CPU.Build.0 = Debug|Any CPU
		{E378CD0C-B711-4D29-A165-45CB7FC634FB}.Release|Any CPU.ActiveCfg = Release|Any CPU
		{E378CD0C-B711-4D29-A165-45CB7FC634FB}.Release|Any CPU.Build.0 = Release|Any CPU
		{46242EC4-19C6-4B52-8C5D-9308E3FDFC38}.Debug|Any CPU.ActiveCfg = Debug|Any CPU
		{46242EC4-19C6-4B52-8C5D-9308E3FDFC38}.Debug|Any CPU.Build.0 = Debug|Any CPU
		{46242EC4-19C6-4B52-8C5D-9308E3FDFC38}.Release|Any CPU.ActiveCfg = Release|Any CPU
		{46242EC4-19C6-4B52-8C5D-9308E3FDFC38}.Release|Any CPU.Build.0 = Release|Any CPU
		{458565D6-5E75-434B-8CA0-104054E719E9}.Debug|Any CPU.ActiveCfg = Debug|Any CPU
		{458565D6-5E75-434B-8CA0-104054E719E9}.Debug|Any CPU.Build.0 = Debug|Any CPU
		{458565D6-5E75-434B-8CA0-104054E719E9}.Release|Any CPU.ActiveCfg = Release|Any CPU
		{458565D6-5E75-434B-8CA0-104054E719E9}.Release|Any CPU.Build.0 = Release|Any CPU
		{C844E372-062A-4233-8E52-DE21F735751F}.Debug|Any CPU.ActiveCfg = Debug|Any CPU
		{C844E372-062A-4233-8E52-DE21F735751F}.Debug|Any CPU.Build.0 = Debug|Any CPU
		{C844E372-062A-4233-8E52-DE21F735751F}.Release|Any CPU.ActiveCfg = Release|Any CPU
		{C844E372-062A-4233-8E52-DE21F735751F}.Release|Any CPU.Build.0 = Release|Any CPU
		{E1CA8D61-D25C-465D-8113-E6E491E634B8}.Debug|Any CPU.ActiveCfg = Debug|Any CPU
		{E1CA8D61-D25C-465D-8113-E6E491E634B8}.Debug|Any CPU.Build.0 = Debug|Any CPU
		{E1CA8D61-D25C-465D-8113-E6E491E634B8}.Release|Any CPU.ActiveCfg = Release|Any CPU
		{E1CA8D61-D25C-465D-8113-E6E491E634B8}.Release|Any CPU.Build.0 = Release|Any CPU
		{A298CA63-5165-4151-ABD6-2AD9670DDE06}.Debug|Any CPU.ActiveCfg = Debug|Any CPU
		{A298CA63-5165-4151-ABD6-2AD9670DDE06}.Debug|Any CPU.Build.0 = Debug|Any CPU
		{A298CA63-5165-4151-ABD6-2AD9670DDE06}.Release|Any CPU.ActiveCfg = Release|Any CPU
		{A298CA63-5165-4151-ABD6-2AD9670DDE06}.Release|Any CPU.Build.0 = Release|Any CPU
		{9E3F6C6F-E5BD-4CCC-9B14-D78DD008C900}.Debug|Any CPU.ActiveCfg = Debug|Any CPU
		{9E3F6C6F-E5BD-4CCC-9B14-D78DD008C900}.Debug|Any CPU.Build.0 = Debug|Any CPU
		{9E3F6C6F-E5BD-4CCC-9B14-D78DD008C900}.Release|Any CPU.ActiveCfg = Release|Any CPU
		{9E3F6C6F-E5BD-4CCC-9B14-D78DD008C900}.Release|Any CPU.Build.0 = Release|Any CPU
		{17147D6B-B851-451A-B269-FF7C164A773D}.Debug|Any CPU.ActiveCfg = Debug|Any CPU
		{17147D6B-B851-451A-B269-FF7C164A773D}.Debug|Any CPU.Build.0 = Debug|Any CPU
		{17147D6B-B851-451A-B269-FF7C164A773D}.Release|Any CPU.ActiveCfg = Release|Any CPU
		{17147D6B-B851-451A-B269-FF7C164A773D}.Release|Any CPU.Build.0 = Release|Any CPU
		{F5AB3716-7752-43E8-918B-C9D03CAEF504}.Debug|Any CPU.ActiveCfg = Debug|Any CPU
		{F5AB3716-7752-43E8-918B-C9D03CAEF504}.Debug|Any CPU.Build.0 = Debug|Any CPU
		{F5AB3716-7752-43E8-918B-C9D03CAEF504}.Release|Any CPU.ActiveCfg = Release|Any CPU
		{F5AB3716-7752-43E8-918B-C9D03CAEF504}.Release|Any CPU.Build.0 = Release|Any CPU
		{AF371FFA-2212-4F0A-958E-6BBC37CB73A7}.Debug|Any CPU.ActiveCfg = Debug|Any CPU
		{AF371FFA-2212-4F0A-958E-6BBC37CB73A7}.Debug|Any CPU.Build.0 = Debug|Any CPU
		{AF371FFA-2212-4F0A-958E-6BBC37CB73A7}.Release|Any CPU.ActiveCfg = Release|Any CPU
		{AF371FFA-2212-4F0A-958E-6BBC37CB73A7}.Release|Any CPU.Build.0 = Release|Any CPU
		{2D65E457-43C1-45E9-8D16-359E667CFF79}.Debug|Any CPU.ActiveCfg = Debug|Any CPU
		{2D65E457-43C1-45E9-8D16-359E667CFF79}.Debug|Any CPU.Build.0 = Debug|Any CPU
		{2D65E457-43C1-45E9-8D16-359E667CFF79}.Release|Any CPU.ActiveCfg = Release|Any CPU
		{2D65E457-43C1-45E9-8D16-359E667CFF79}.Release|Any CPU.Build.0 = Release|Any CPU
		{42EC62F0-FB2F-4311-ABF1-DCFCC1D06CD5}.Debug|Any CPU.ActiveCfg = Debug|Any CPU
		{42EC62F0-FB2F-4311-ABF1-DCFCC1D06CD5}.Debug|Any CPU.Build.0 = Debug|Any CPU
		{42EC62F0-FB2F-4311-ABF1-DCFCC1D06CD5}.Release|Any CPU.ActiveCfg = Release|Any CPU
		{42EC62F0-FB2F-4311-ABF1-DCFCC1D06CD5}.Release|Any CPU.Build.0 = Release|Any CPU
		{D1A638DF-FEA9-4426-BF04-4DE4628C5D58}.Debug|Any CPU.ActiveCfg = Debug|Any CPU
		{D1A638DF-FEA9-4426-BF04-4DE4628C5D58}.Debug|Any CPU.Build.0 = Debug|Any CPU
		{D1A638DF-FEA9-4426-BF04-4DE4628C5D58}.Release|Any CPU.ActiveCfg = Release|Any CPU
		{D1A638DF-FEA9-4426-BF04-4DE4628C5D58}.Release|Any CPU.Build.0 = Release|Any CPU
		{1A5FEDA9-2347-41C0-8E25-1C0F444175C9}.Debug|Any CPU.ActiveCfg = Debug|Any CPU
		{1A5FEDA9-2347-41C0-8E25-1C0F444175C9}.Debug|Any CPU.Build.0 = Debug|Any CPU
		{1A5FEDA9-2347-41C0-8E25-1C0F444175C9}.Release|Any CPU.ActiveCfg = Release|Any CPU
		{1A5FEDA9-2347-41C0-8E25-1C0F444175C9}.Release|Any CPU.Build.0 = Release|Any CPU
		{91F22A94-3229-48BC-958E-52924DC7ADF4}.Debug|Any CPU.ActiveCfg = Debug|Any CPU
		{91F22A94-3229-48BC-958E-52924DC7ADF4}.Debug|Any CPU.Build.0 = Debug|Any CPU
		{91F22A94-3229-48BC-958E-52924DC7ADF4}.Release|Any CPU.ActiveCfg = Release|Any CPU
		{91F22A94-3229-48BC-958E-52924DC7ADF4}.Release|Any CPU.Build.0 = Release|Any CPU
		{D2A565CD-B801-4A62-AD4E-1BD73DB24CCC}.Debug|Any CPU.ActiveCfg = Debug|Any CPU
		{D2A565CD-B801-4A62-AD4E-1BD73DB24CCC}.Debug|Any CPU.Build.0 = Debug|Any CPU
		{D2A565CD-B801-4A62-AD4E-1BD73DB24CCC}.Release|Any CPU.ActiveCfg = Release|Any CPU
		{D2A565CD-B801-4A62-AD4E-1BD73DB24CCC}.Release|Any CPU.Build.0 = Release|Any CPU
		{177B4763-230E-4D87-9D5C-81C5FE7951F7}.Debug|Any CPU.ActiveCfg = Debug|Any CPU
		{177B4763-230E-4D87-9D5C-81C5FE7951F7}.Debug|Any CPU.Build.0 = Debug|Any CPU
		{177B4763-230E-4D87-9D5C-81C5FE7951F7}.Release|Any CPU.ActiveCfg = Release|Any CPU
		{177B4763-230E-4D87-9D5C-81C5FE7951F7}.Release|Any CPU.Build.0 = Release|Any CPU
		{C943F93F-3196-4947-99E7-CA6672629481}.Debug|Any CPU.ActiveCfg = Debug|Any CPU
		{C943F93F-3196-4947-99E7-CA6672629481}.Debug|Any CPU.Build.0 = Debug|Any CPU
		{C943F93F-3196-4947-99E7-CA6672629481}.Release|Any CPU.ActiveCfg = Release|Any CPU
		{C943F93F-3196-4947-99E7-CA6672629481}.Release|Any CPU.Build.0 = Release|Any CPU
		{0E521F2F-0B52-4330-8740-5FA9BB85CD75}.Debug|Any CPU.ActiveCfg = Debug|Any CPU
		{0E521F2F-0B52-4330-8740-5FA9BB85CD75}.Debug|Any CPU.Build.0 = Debug|Any CPU
		{0E521F2F-0B52-4330-8740-5FA9BB85CD75}.Release|Any CPU.ActiveCfg = Release|Any CPU
		{0E521F2F-0B52-4330-8740-5FA9BB85CD75}.Release|Any CPU.Build.0 = Release|Any CPU
		{B3145FC4-DB3C-400C-A4F9-4FBAA52383B4}.Debug|Any CPU.ActiveCfg = Debug|Any CPU
		{B3145FC4-DB3C-400C-A4F9-4FBAA52383B4}.Debug|Any CPU.Build.0 = Debug|Any CPU
		{B3145FC4-DB3C-400C-A4F9-4FBAA52383B4}.Release|Any CPU.ActiveCfg = Release|Any CPU
		{B3145FC4-DB3C-400C-A4F9-4FBAA52383B4}.Release|Any CPU.Build.0 = Release|Any CPU
		{EDB6556D-7E4A-400D-A95F-16017EDCC57B}.Debug|Any CPU.ActiveCfg = Debug|Any CPU
		{EDB6556D-7E4A-400D-A95F-16017EDCC57B}.Debug|Any CPU.Build.0 = Debug|Any CPU
		{EDB6556D-7E4A-400D-A95F-16017EDCC57B}.Release|Any CPU.ActiveCfg = Release|Any CPU
		{EDB6556D-7E4A-400D-A95F-16017EDCC57B}.Release|Any CPU.Build.0 = Release|Any CPU
		{9305F1FC-4EFE-49D0-A427-794FFC96A7E2}.Debug|Any CPU.ActiveCfg = Debug|Any CPU
		{9305F1FC-4EFE-49D0-A427-794FFC96A7E2}.Debug|Any CPU.Build.0 = Debug|Any CPU
		{9305F1FC-4EFE-49D0-A427-794FFC96A7E2}.Release|Any CPU.ActiveCfg = Release|Any CPU
		{9305F1FC-4EFE-49D0-A427-794FFC96A7E2}.Release|Any CPU.Build.0 = Release|Any CPU
		{19BBA75D-4B72-4943-9E1D-337E6CC5D530}.Debug|Any CPU.ActiveCfg = Debug|Any CPU
		{19BBA75D-4B72-4943-9E1D-337E6CC5D530}.Debug|Any CPU.Build.0 = Debug|Any CPU
		{19BBA75D-4B72-4943-9E1D-337E6CC5D530}.Release|Any CPU.ActiveCfg = Release|Any CPU
		{19BBA75D-4B72-4943-9E1D-337E6CC5D530}.Release|Any CPU.Build.0 = Release|Any CPU
		{B088F548-5AB2-4EAF-8BD8-B7DCACF84424}.Debug|Any CPU.ActiveCfg = Debug|Any CPU
		{B088F548-5AB2-4EAF-8BD8-B7DCACF84424}.Debug|Any CPU.Build.0 = Debug|Any CPU
		{B088F548-5AB2-4EAF-8BD8-B7DCACF84424}.Release|Any CPU.ActiveCfg = Release|Any CPU
		{B088F548-5AB2-4EAF-8BD8-B7DCACF84424}.Release|Any CPU.Build.0 = Release|Any CPU
		{9A862B29-1ECA-4D3B-87F2-6DA2C3648990}.Debug|Any CPU.ActiveCfg = Debug|Any CPU
		{9A862B29-1ECA-4D3B-87F2-6DA2C3648990}.Debug|Any CPU.Build.0 = Debug|Any CPU
		{9A862B29-1ECA-4D3B-87F2-6DA2C3648990}.Release|Any CPU.ActiveCfg = Release|Any CPU
		{9A862B29-1ECA-4D3B-87F2-6DA2C3648990}.Release|Any CPU.Build.0 = Release|Any CPU
		{99851EB9-2CB9-4AEC-BA59-71274B0E9395}.Debug|Any CPU.ActiveCfg = Debug|Any CPU
		{99851EB9-2CB9-4AEC-BA59-71274B0E9395}.Debug|Any CPU.Build.0 = Debug|Any CPU
		{99851EB9-2CB9-4AEC-BA59-71274B0E9395}.Release|Any CPU.ActiveCfg = Release|Any CPU
		{99851EB9-2CB9-4AEC-BA59-71274B0E9395}.Release|Any CPU.Build.0 = Release|Any CPU
		{F1801327-2157-4B04-9491-99FBFD28474D}.Debug|Any CPU.ActiveCfg = Debug|Any CPU
		{F1801327-2157-4B04-9491-99FBFD28474D}.Debug|Any CPU.Build.0 = Debug|Any CPU
		{F1801327-2157-4B04-9491-99FBFD28474D}.Release|Any CPU.ActiveCfg = Release|Any CPU
		{F1801327-2157-4B04-9491-99FBFD28474D}.Release|Any CPU.Build.0 = Release|Any CPU
	EndGlobalSection
	GlobalSection(SolutionProperties) = preSolution
		HideSolutionNode = FALSE
	EndGlobalSection
	GlobalSection(NestedProjects) = preSolution
		{F02BF4D4-5D5E-4D32-9CA7-3E4401AE0AE1} = {2DCD52A4-830D-4C86-8FB0-D65C61BDE04F}
		{F1B9ED2B-CE55-480E-AD0B-E1E666A11374} = {C5E1AE4E-C723-42F5-8084-C40F782C024D}
		{F389DA78-0597-40BC-8BC2-F6430B20D826} = {C5E1AE4E-C723-42F5-8084-C40F782C024D}
		{F7D1C602-ABDC-4660-9380-9D64949E52DC} = {A0D6C90C-ED39-4374-BD0A-FA535DBB8827}
		{42C257F5-0CD3-4DFD-93C8-EA011790A4C4} = {A0D6C90C-ED39-4374-BD0A-FA535DBB8827}
		{D3FFCE69-BC53-4F67-AF98-E682C246C2F1} = {A0D6C90C-ED39-4374-BD0A-FA535DBB8827}
		{E378CD0C-B711-4D29-A165-45CB7FC634FB} = {D3FFCE69-BC53-4F67-AF98-E682C246C2F1}
		{A93A77B0-F999-499D-B144-E0132E83B9C6} = {6338AF0C-E293-48C7-AF5F-D5944D1ADD5B}
		{799D96FE-0485-49E0-BAD3-68EC50EC2306} = {6338AF0C-E293-48C7-AF5F-D5944D1ADD5B}
		{43D88EC0-5AC0-4D79-AEDB-3F91CC3C9182} = {6338AF0C-E293-48C7-AF5F-D5944D1ADD5B}
		{46242EC4-19C6-4B52-8C5D-9308E3FDFC38} = {43D88EC0-5AC0-4D79-AEDB-3F91CC3C9182}
		{458565D6-5E75-434B-8CA0-104054E719E9} = {43D88EC0-5AC0-4D79-AEDB-3F91CC3C9182}
		{C844E372-062A-4233-8E52-DE21F735751F} = {BE5A1036-E3B3-4CDB-A890-887B94AC2045}
		{EF8A603D-200B-46ED-85CD-9E42AB2A8334} = {334310F5-66BD-4E22-8563-1CBF06E9E92F}
		{E1CA8D61-D25C-465D-8113-E6E491E634B8} = {4A90B602-BC36-4BCB-8342-7ACC108A9263}
		{A298CA63-5165-4151-ABD6-2AD9670DDE06} = {A20A262D-4A9C-4940-B719-910BE0FC42BE}
		{A20A262D-4A9C-4940-B719-910BE0FC42BE} = {1D631B92-442C-41EF-B02D-E4110CBB9AB5}
		{4A90B602-BC36-4BCB-8342-7ACC108A9263} = {1D631B92-442C-41EF-B02D-E4110CBB9AB5}
		{9E3F6C6F-E5BD-4CCC-9B14-D78DD008C900} = {A93A77B0-F999-499D-B144-E0132E83B9C6}
		{17147D6B-B851-451A-B269-FF7C164A773D} = {799D96FE-0485-49E0-BAD3-68EC50EC2306}
		{F5AB3716-7752-43E8-918B-C9D03CAEF504} = {A20A262D-4A9C-4940-B719-910BE0FC42BE}
		{AF371FFA-2212-4F0A-958E-6BBC37CB73A7} = {4A90B602-BC36-4BCB-8342-7ACC108A9263}
		{2D65E457-43C1-45E9-8D16-359E667CFF79} = {42C257F5-0CD3-4DFD-93C8-EA011790A4C4}
		{42EC62F0-FB2F-4311-ABF1-DCFCC1D06CD5} = {F7D1C602-ABDC-4660-9380-9D64949E52DC}
		{D1A638DF-FEA9-4426-BF04-4DE4628C5D58} = {D3FFCE69-BC53-4F67-AF98-E682C246C2F1}
		{1A5FEDA9-2347-41C0-8E25-1C0F444175C9} = {D3FFCE69-BC53-4F67-AF98-E682C246C2F1}
		{C5E1AE4E-C723-42F5-8084-C40F782C024D} = {A0D6C90C-ED39-4374-BD0A-FA535DBB8827}
		{91F22A94-3229-48BC-958E-52924DC7ADF4} = {D3FFCE69-BC53-4F67-AF98-E682C246C2F1}
		{D2A565CD-B801-4A62-AD4E-1BD73DB24CCC} = {D3FFCE69-BC53-4F67-AF98-E682C246C2F1}
		{7C6A4742-0962-497D-9EFB-822ECF0E592E} = {334310F5-66BD-4E22-8563-1CBF06E9E92F}
		{177B4763-230E-4D87-9D5C-81C5FE7951F7} = {7C6A4742-0962-497D-9EFB-822ECF0E592E}
		{BE5A1036-E3B3-4CDB-A890-887B94AC2045} = {334310F5-66BD-4E22-8563-1CBF06E9E92F}
		{C943F93F-3196-4947-99E7-CA6672629481} = {EF8A603D-200B-46ED-85CD-9E42AB2A8334}
		{0E521F2F-0B52-4330-8740-5FA9BB85CD75} = {D3FFCE69-BC53-4F67-AF98-E682C246C2F1}
		{B3145FC4-DB3C-400C-A4F9-4FBAA52383B4} = {D3FFCE69-BC53-4F67-AF98-E682C246C2F1}
		{EDB6556D-7E4A-400D-A95F-16017EDCC57B} = {1D631B92-442C-41EF-B02D-E4110CBB9AB5}
		{9305F1FC-4EFE-49D0-A427-794FFC96A7E2} = {7C6A4742-0962-497D-9EFB-822ECF0E592E}
		{19BBA75D-4B72-4943-9E1D-337E6CC5D530} = {7C6A4742-0962-497D-9EFB-822ECF0E592E}
		{B088F548-5AB2-4EAF-8BD8-B7DCACF84424} = {D3FFCE69-BC53-4F67-AF98-E682C246C2F1}
		{8AC151AA-C694-42BE-916F-E66BA84047F6} = {334310F5-66BD-4E22-8563-1CBF06E9E92F}
		{99851EB9-2CB9-4AEC-BA59-71274B0E9395} = {8AC151AA-C694-42BE-916F-E66BA84047F6}
		{BF9FC1FF-99B4-4748-A4D1-01E35ADC9F9D} = {334310F5-66BD-4E22-8563-1CBF06E9E92F}
		{F1801327-2157-4B04-9491-99FBFD28474D} = {BF9FC1FF-99B4-4748-A4D1-01E35ADC9F9D}
	EndGlobalSection
	GlobalSection(ExtensibilityGlobals) = postSolution
		SolutionGuid = {7AEE8447-81DC-4C58-9627-7751B34580BC}
	EndGlobalSection
EndGlobal
