
Microsoft Visual Studio Solution File, Format Version 12.00
# Visual Studio Version 17
VisualStudioVersion = 17.1.32328.378
MinimumVisualStudioVersion = 10.0.40219.1
Project("{D954291E-2A0B-460D-934E-DC6B0785DB48}") = "Enrich.CodeShare", "Enrich.CodeShare.shproj", "{3E93E568-FB39-4793-81A5-33F6C3399759}"
EndProject
Project("{D954291E-2A0B-460D-934E-DC6B0785DB48}") = "Enrich.Common", "..\Enrich.Common\Enrich.Common.shproj", "{B0FC7136-0858-4EF1-B048-24513EF32454}"
EndProject
Project("{D954291E-2A0B-460D-934E-DC6B0785DB48}") = "Enrich.Identity", "..\Enrich.Identity\Enrich.Identity.shproj", "{4D40D7B9-B417-4669-B2E1-5ECB6087E0D0}"
EndProject
Project("{D954291E-2A0B-460D-934E-DC6B0785DB48}") = "Enrich.BusinessEvents", "..\Enrich.BusinessEvents\Enrich.BusinessEvents.shproj", "{4E6754EE-D17F-41D0-8FE3-CAF1174D9E00}"
EndProject
Project("{D954291E-2A0B-460D-934E-DC6B0785DB48}") = "Enrich.IMS.Entities", "..\Enrich.IMS.Entities\Enrich.IMS.Entities.shproj", "{7DF555BD-210B-4AD2-9BA0-769C98DABC20}"
EndProject
Global
	GlobalSection(SolutionProperties) = preSolution
		HideSolutionNode = FALSE
	EndGlobalSection
	GlobalSection(ExtensibilityGlobals) = postSolution
		SolutionGuid = {C1B2B691-DB50-46C8-A761-53243A89605D}
	EndGlobalSection
	GlobalSection(SharedMSBuildProjectFiles) = preSolution
		Enrich.CodeShare.projitems*{3e93e568-fb39-4793-81a5-33f6c3399759}*SharedItemsImports = 13
		..\Enrich.Identity\Enrich.Identity.projitems*{4d40d7b9-b417-4669-b2e1-5ecb6087e0d0}*SharedItemsImports = 13
		..\Enrich.BusinessEvents\Enrich.BusinessEvents.projitems*{4e6754ee-d17f-41d0-8fe3-caf1174d9e00}*SharedItemsImports = 13
		..\Enrich.IMS.Entities\Enrich.IMS.Entities.projitems*{7df555bd-210b-4ad2-9ba0-769c98dabc20}*SharedItemsImports = 13
		..\Enrich.Common\Enrich.Common.projitems*{b0fc7136-0858-4ef1-b048-24513ef32454}*SharedItemsImports = 13
	EndGlobalSection
EndGlobal
